
Microsoft Visual Studio Solution File, Format Version 12.00
# Visual Studio Version 17
VisualStudioVersion = 17.8.34525.116
MinimumVisualStudioVersion = 10.0.40219.1
Project("{FAE04EC0-301F-11D3-BF4B-00C04F79EFBC}") = "math", "math\math.csproj", "{77DAC68F-1FB7-4575-994D-C8520F1837C0}"
EndProject
Global
	GlobalSection(SolutionConfigurationPlatforms) = preSolution
		Debug|Any CPU = Debug|Any CPU
		Release|Any CPU = Release|Any CPU
	EndGlobalSection
	GlobalSection(ProjectConfigurationPlatforms) = postSolution
		{77DAC68F-1FB7-4575-994D-C8520F1837C0}.Debug|Any CPU.ActiveCfg = Debug|Any CPU
		{77DAC68F-1FB7-4575-994D-C8520F1837C0}.Debug|Any CPU.Build.0 = Debug|Any CPU
		{77DAC68F-1FB7-4575-994D-C8520F1837C0}.Release|Any CPU.ActiveCfg = Release|Any CPU
		{77DAC68F-1FB7-4575-994D-C8520F1837C0}.Release|Any CPU.Build.0 = Release|Any CPU
	EndGlobalSection
	GlobalSection(SolutionProperties) = preSolution
		HideSolutionNode = FALSE
	EndGlobalSection
	GlobalSection(ExtensibilityGlobals) = postSolution
		SolutionGuid = {8FC53AB5-E906-4919-B9C2-16A8362DDA56}
	EndGlobalSection
EndGlobal
